// !$*UTF8*$!
{
	archiveVersion = 1;
	classes = {
	};
	objectVersion = 52;
	objects = {

/* Begin PBXBuildFile section */
		EF1D687E26B2D62800D1E467 /* AppDelegate.swift in Sources */ = {isa = PBXBuildFile; fileRef = EF1D687D26B2D62800D1E467 /* AppDelegate.swift */; };
		EF1D688026B2D62800D1E467 /* SceneDelegate.swift in Sources */ = {isa = PBXBuildFile; fileRef = EF1D687F26B2D62800D1E467 /* SceneDelegate.swift */; };
		EF1D688226B2D62800D1E467 /* ViewController.swift in Sources */ = {isa = PBXBuildFile; fileRef = EF1D688126B2D62800D1E467 /* ViewController.swift */; };
		EF1D688526B2D62800D1E467 /* Main.storyboard in Resources */ = {isa = PBXBuildFile; fileRef = EF1D688326B2D62800D1E467 /* Main.storyboard */; };
		EF1D688726B2D62B00D1E467 /* Assets.xcassets in Resources */ = {isa = PBXBuildFile; fileRef = EF1D688626B2D62B00D1E467 /* Assets.xcassets */; };
		EF1D688A26B2D62B00D1E467 /* LaunchScreen.storyboard in Resources */ = {isa = PBXBuildFile; fileRef = EF1D688826B2D62B00D1E467 /* LaunchScreen.storyboard */; };
		EF1D689526B2D62B00D1E467 /* ExampleSwiftTests.swift in Sources */ = {isa = PBXBuildFile; fileRef = EF1D689426B2D62B00D1E467 /* ExampleSwiftTests.swift */; };
		EF1D68A026B2D62B00D1E467 /* ExampleSwiftUITests.swift in Sources */ = {isa = PBXBuildFile; fileRef = EF1D689F26B2D62B00D1E467 /* ExampleSwiftUITests.swift */; };
		EF1D68AF26B2D9C100D1E467 /* ModalCustomizationFramework in Frameworks */ = {isa = PBXBuildFile; productRef = EF1D68AE26B2D9C100D1E467 /* ModalCustomizationFramework */; };
/* End PBXBuildFile section */

/* Begin PBXContainerItemProxy section */
		EF1D689126B2D62B00D1E467 /* PBXContainerItemProxy */ = {
			isa = PBXContainerItemProxy;
			containerPortal = EF1D687226B2D62800D1E467 /* Project object */;
			proxyType = 1;
			remoteGlobalIDString = EF1D687926B2D62800D1E467;
			remoteInfo = ExampleSwift;
		};
		EF1D689C26B2D62B00D1E467 /* PBXContainerItemProxy */ = {
			isa = PBXContainerItemProxy;
			containerPortal = EF1D687226B2D62800D1E467 /* Project object */;
			proxyType = 1;
			remoteGlobalIDString = EF1D687926B2D62800D1E467;
			remoteInfo = ExampleSwift;
		};
/* End PBXContainerItemProxy section */

/* Begin PBXFileReference section */
		EF1D687A26B2D62800D1E467 /* ExampleSwift.app */ = {isa = PBXFileReference; explicitFileType = wrapper.application; includeInIndex = 0; path = ExampleSwift.app; sourceTree = BUILT_PRODUCTS_DIR; };
		EF1D687D26B2D62800D1E467 /* AppDelegate.swift */ = {isa = PBXFileReference; lastKnownFileType = sourcecode.swift; path = AppDelegate.swift; sourceTree = "<group>"; };
		EF1D687F26B2D62800D1E467 /* SceneDelegate.swift */ = {isa = PBXFileReference; lastKnownFileType = sourcecode.swift; path = SceneDelegate.swift; sourceTree = "<group>"; };
		EF1D688126B2D62800D1E467 /* ViewController.swift */ = {isa = PBXFileReference; lastKnownFileType = sourcecode.swift; path = ViewController.swift; sourceTree = "<group>"; };
		EF1D688426B2D62800D1E467 /* Base */ = {isa = PBXFileReference; lastKnownFileType = file.storyboard; name = Base; path = Base.lproj/Main.storyboard; sourceTree = "<group>"; };
		EF1D688626B2D62B00D1E467 /* Assets.xcassets */ = {isa = PBXFileReference; lastKnownFileType = folder.assetcatalog; path = Assets.xcassets; sourceTree = "<group>"; };
		EF1D688926B2D62B00D1E467 /* Base */ = {isa = PBXFileReference; lastKnownFileType = file.storyboard; name = Base; path = Base.lproj/LaunchScreen.storyboard; sourceTree = "<group>"; };
		EF1D688B26B2D62B00D1E467 /* Info.plist */ = {isa = PBXFileReference; lastKnownFileType = text.plist.xml; path = Info.plist; sourceTree = "<group>"; };
		EF1D689026B2D62B00D1E467 /* ExampleSwiftTests.xctest */ = {isa = PBXFileReference; explicitFileType = wrapper.cfbundle; includeInIndex = 0; path = ExampleSwiftTests.xctest; sourceTree = BUILT_PRODUCTS_DIR; };
		EF1D689426B2D62B00D1E467 /* ExampleSwiftTests.swift */ = {isa = PBXFileReference; lastKnownFileType = sourcecode.swift; path = ExampleSwiftTests.swift; sourceTree = "<group>"; };
		EF1D689626B2D62B00D1E467 /* Info.plist */ = {isa = PBXFileReference; lastKnownFileType = text.plist.xml; path = Info.plist; sourceTree = "<group>"; };
		EF1D689B26B2D62B00D1E467 /* ExampleSwiftUITests.xctest */ = {isa = PBXFileReference; explicitFileType = wrapper.cfbundle; includeInIndex = 0; path = ExampleSwiftUITests.xctest; sourceTree = BUILT_PRODUCTS_DIR; };
		EF1D689F26B2D62B00D1E467 /* ExampleSwiftUITests.swift */ = {isa = PBXFileReference; lastKnownFileType = sourcecode.swift; path = ExampleSwiftUITests.swift; sourceTree = "<group>"; };
		EF1D68A126B2D62B00D1E467 /* Info.plist */ = {isa = PBXFileReference; lastKnownFileType = text.plist.xml; path = Info.plist; sourceTree = "<group>"; };
/* End PBXFileReference section */

/* Begin PBXFrameworksBuildPhase section */
		EF1D687726B2D62800D1E467 /* Frameworks */ = {
			isa = PBXFrameworksBuildPhase;
			buildActionMask = 2147483647;
			files = (
				EF1D68AF26B2D9C100D1E467 /* ModalCustomizationFramework in Frameworks */,
			);
			runOnlyForDeploymentPostprocessing = 0;
		};
		EF1D688D26B2D62B00D1E467 /* Frameworks */ = {
			isa = PBXFrameworksBuildPhase;
			buildActionMask = 2147483647;
			files = (
			);
			runOnlyForDeploymentPostprocessing = 0;
		};
		EF1D689826B2D62B00D1E467 /* Frameworks */ = {
			isa = PBXFrameworksBuildPhase;
			buildActionMask = 2147483647;
			files = (
			);
			runOnlyForDeploymentPostprocessing = 0;
		};
/* End PBXFrameworksBuildPhase section */

/* Begin PBXGroup section */
		EF1D687126B2D62800D1E467 = {
			isa = PBXGroup;
			children = (
				EF1D687C26B2D62800D1E467 /* ExampleSwift */,
				EF1D689326B2D62B00D1E467 /* ExampleSwiftTests */,
				EF1D689E26B2D62B00D1E467 /* ExampleSwiftUITests */,
				EF1D687B26B2D62800D1E467 /* Products */,
			);
			sourceTree = "<group>";
		};
		EF1D687B26B2D62800D1E467 /* Products */ = {
			isa = PBXGroup;
			children = (
				EF1D687A26B2D62800D1E467 /* ExampleSwift.app */,
				EF1D689026B2D62B00D1E467 /* ExampleSwiftTests.xctest */,
				EF1D689B26B2D62B00D1E467 /* ExampleSwiftUITests.xctest */,
			);
			name = Products;
			sourceTree = "<group>";
		};
		EF1D687C26B2D62800D1E467 /* ExampleSwift */ = {
			isa = PBXGroup;
			children = (
				EF1D687D26B2D62800D1E467 /* AppDelegate.swift */,
				EF1D687F26B2D62800D1E467 /* SceneDelegate.swift */,
				EF1D688126B2D62800D1E467 /* ViewController.swift */,
				EF1D688326B2D62800D1E467 /* Main.storyboard */,
				EF1D688626B2D62B00D1E467 /* Assets.xcassets */,
				EF1D688826B2D62B00D1E467 /* LaunchScreen.storyboard */,
				EF1D688B26B2D62B00D1E467 /* Info.plist */,
			);
			path = ExampleSwift;
			sourceTree = "<group>";
		};
		EF1D689326B2D62B00D1E467 /* ExampleSwiftTests */ = {
			isa = PBXGroup;
			children = (
				EF1D689426B2D62B00D1E467 /* ExampleSwiftTests.swift */,
				EF1D689626B2D62B00D1E467 /* Info.plist */,
			);
			path = ExampleSwiftTests;
			sourceTree = "<group>";
		};
		EF1D689E26B2D62B00D1E467 /* ExampleSwiftUITests */ = {
			isa = PBXGroup;
			children = (
				EF1D689F26B2D62B00D1E467 /* ExampleSwiftUITests.swift */,
				EF1D68A126B2D62B00D1E467 /* Info.plist */,
			);
			path = ExampleSwiftUITests;
			sourceTree = "<group>";
		};
/* End PBXGroup section */

/* Begin PBXNativeTarget section */
		EF1D687926B2D62800D1E467 /* ExampleSwift */ = {
			isa = PBXNativeTarget;
			buildConfigurationList = EF1D68A426B2D62B00D1E467 /* Build configuration list for PBXNativeTarget "ExampleSwift" */;
			buildPhases = (
				EF1D687626B2D62800D1E467 /* Sources */,
				EF1D687726B2D62800D1E467 /* Frameworks */,
				EF1D687826B2D62800D1E467 /* Resources */,
			);
			buildRules = (
			);
			dependencies = (
			);
			name = ExampleSwift;
			packageProductDependencies = (
				EF1D68AE26B2D9C100D1E467 /* ModalCustomizationFramework */,
			);
			productName = ExampleSwift;
			productReference = EF1D687A26B2D62800D1E467 /* ExampleSwift.app */;
			productType = "com.apple.product-type.application";
		};
		EF1D688F26B2D62B00D1E467 /* ExampleSwiftTests */ = {
			isa = PBXNativeTarget;
			buildConfigurationList = EF1D68A726B2D62B00D1E467 /* Build configuration list for PBXNativeTarget "ExampleSwiftTests" */;
			buildPhases = (
				EF1D688C26B2D62B00D1E467 /* Sources */,
				EF1D688D26B2D62B00D1E467 /* Frameworks */,
				EF1D688E26B2D62B00D1E467 /* Resources */,
			);
			buildRules = (
			);
			dependencies = (
				EF1D689226B2D62B00D1E467 /* PBXTargetDependency */,
			);
			name = ExampleSwiftTests;
			productName = ExampleSwiftTests;
			productReference = EF1D689026B2D62B00D1E467 /* ExampleSwiftTests.xctest */;
			productType = "com.apple.product-type.bundle.unit-test";
		};
		EF1D689A26B2D62B00D1E467 /* ExampleSwiftUITests */ = {
			isa = PBXNativeTarget;
			buildConfigurationList = EF1D68AA26B2D62B00D1E467 /* Build configuration list for PBXNativeTarget "ExampleSwiftUITests" */;
			buildPhases = (
				EF1D689726B2D62B00D1E467 /* Sources */,
				EF1D689826B2D62B00D1E467 /* Frameworks */,
				EF1D689926B2D62B00D1E467 /* Resources */,
			);
			buildRules = (
			);
			dependencies = (
				EF1D689D26B2D62B00D1E467 /* PBXTargetDependency */,
			);
			name = ExampleSwiftUITests;
			productName = ExampleSwiftUITests;
			productReference = EF1D689B26B2D62B00D1E467 /* ExampleSwiftUITests.xctest */;
			productType = "com.apple.product-type.bundle.ui-testing";
		};
/* End PBXNativeTarget section */

/* Begin PBXProject section */
		EF1D687226B2D62800D1E467 /* Project object */ = {
			isa = PBXProject;
			attributes = {
				LastSwiftUpdateCheck = 1250;
				LastUpgradeCheck = 1250;
				TargetAttributes = {
					EF1D687926B2D62800D1E467 = {
						CreatedOnToolsVersion = 12.5.1;
					};
					EF1D688F26B2D62B00D1E467 = {
						CreatedOnToolsVersion = 12.5.1;
						TestTargetID = EF1D687926B2D62800D1E467;
					};
					EF1D689A26B2D62B00D1E467 = {
						CreatedOnToolsVersion = 12.5.1;
						TestTargetID = EF1D687926B2D62800D1E467;
					};
				};
			};
			buildConfigurationList = EF1D687526B2D62800D1E467 /* Build configuration list for PBXProject "ExampleSwift" */;
			compatibilityVersion = "Xcode 9.3";
			developmentRegion = en;
			hasScannedForEncodings = 0;
			knownRegions = (
				en,
				Base,
			);
			mainGroup = EF1D687126B2D62800D1E467;
			packageReferences = (
				EF1D68AD26B2D9C100D1E467 /* XCRemoteSwiftPackageReference "ModalCustomization-SwiftPackageManager" */,
			);
			productRefGroup = EF1D687B26B2D62800D1E467 /* Products */;
			projectDirPath = "";
			projectRoot = "";
			targets = (
				EF1D687926B2D62800D1E467 /* ExampleSwift */,
				EF1D688F26B2D62B00D1E467 /* ExampleSwiftTests */,
				EF1D689A26B2D62B00D1E467 /* ExampleSwiftUITests */,
			);
		};
/* End PBXProject section */

/* Begin PBXResourcesBuildPhase section */
		EF1D687826B2D62800D1E467 /* Resources */ = {
			isa = PBXResourcesBuildPhase;
			buildActionMask = 2147483647;
			files = (
				EF1D688A26B2D62B00D1E467 /* LaunchScreen.storyboard in Resources */,
				EF1D688726B2D62B00D1E467 /* Assets.xcassets in Resources */,
				EF1D688526B2D62800D1E467 /* Main.storyboard in Resources */,
			);
			runOnlyForDeploymentPostprocessing = 0;
		};
		EF1D688E26B2D62B00D1E467 /* Resources */ = {
			isa = PBXResourcesBuildPhase;
			buildActionMask = 2147483647;
			files = (
			);
			runOnlyForDeploymentPostprocessing = 0;
		};
		EF1D689926B2D62B00D1E467 /* Resources */ = {
			isa = PBXResourcesBuildPhase;
			buildActionMask = 2147483647;
			files = (
			);
			runOnlyForDeploymentPostprocessing = 0;
		};
/* End PBXResourcesBuildPhase section */

/* Begin PBXSourcesBuildPhase section */
		EF1D687626B2D62800D1E467 /* Sources */ = {
			isa = PBXSourcesBuildPhase;
			buildActionMask = 2147483647;
			files = (
				EF1D688226B2D62800D1E467 /* ViewController.swift in Sources */,
				EF1D687E26B2D62800D1E467 /* AppDelegate.swift in Sources */,
				EF1D688026B2D62800D1E467 /* SceneDelegate.swift in Sources */,
			);
			runOnlyForDeploymentPostprocessing = 0;
		};
		EF1D688C26B2D62B00D1E467 /* Sources */ = {
			isa = PBXSourcesBuildPhase;
			buildActionMask = 2147483647;
			files = (
				EF1D689526B2D62B00D1E467 /* ExampleSwiftTests.swift in Sources */,
			);
			runOnlyForDeploymentPostprocessing = 0;
		};
		EF1D689726B2D62B00D1E467 /* Sources */ = {
			isa = PBXSourcesBuildPhase;
			buildActionMask = 2147483647;
			files = (
				EF1D68A026B2D62B00D1E467 /* ExampleSwiftUITests.swift in Sources */,
			);
			runOnlyForDeploymentPostprocessing = 0;
		};
/* End PBXSourcesBuildPhase section */

/* Begin PBXTargetDependency section */
		EF1D689226B2D62B00D1E467 /* PBXTargetDependency */ = {
			isa = PBXTargetDependency;
			target = EF1D687926B2D62800D1E467 /* ExampleSwift */;
			targetProxy = EF1D689126B2D62B00D1E467 /* PBXContainerItemProxy */;
		};
		EF1D689D26B2D62B00D1E467 /* PBXTargetDependency */ = {
			isa = PBXTargetDependency;
			target = EF1D687926B2D62800D1E467 /* ExampleSwift */;
			targetProxy = EF1D689C26B2D62B00D1E467 /* PBXContainerItemProxy */;
		};
/* End PBXTargetDependency section */

/* Begin PBXVariantGroup section */
		EF1D688326B2D62800D1E467 /* Main.storyboard */ = {
			isa = PBXVariantGroup;
			children = (
				EF1D688426B2D62800D1E467 /* Base */,
			);
			name = Main.storyboard;
			sourceTree = "<group>";
		};
		EF1D688826B2D62B00D1E467 /* LaunchScreen.storyboard */ = {
			isa = PBXVariantGroup;
			children = (
				EF1D688926B2D62B00D1E467 /* Base */,
			);
			name = LaunchScreen.storyboard;
			sourceTree = "<group>";
		};
/* End PBXVariantGroup section */

/* Begin XCBuildConfiguration section */
		EF1D68A226B2D62B00D1E467 /* Debug */ = {
			isa = XCBuildConfiguration;
			buildSettings = {
				ALWAYS_SEARCH_USER_PATHS = NO;
				CLANG_ANALYZER_NONNULL = YES;
				CLANG_ANALYZER_NUMBER_OBJECT_CONVERSION = YES_AGGRESSIVE;
				CLANG_CXX_LANGUAGE_STANDARD = "gnu++14";
				CLANG_CXX_LIBRARY = "libc++";
				CLANG_ENABLE_MODULES = YES;
				CLANG_ENABLE_OBJC_ARC = YES;
				CLANG_ENABLE_OBJC_WEAK = YES;
				CLANG_WARN_BLOCK_CAPTURE_AUTORELEASING = YES;
				CLANG_WARN_BOOL_CONVERSION = YES;
				CLANG_WARN_COMMA = YES;
				CLANG_WARN_CONSTANT_CONVERSION = YES;
				CLANG_WARN_DEPRECATED_OBJC_IMPLEMENTATIONS = YES;
				CLANG_WARN_DIRECT_OBJC_ISA_USAGE = YES_ERROR;
				CLANG_WARN_DOCUMENTATION_COMMENTS = YES;
				CLANG_WARN_EMPTY_BODY = YES;
				CLANG_WARN_ENUM_CONVERSION = YES;
				CLANG_WARN_INFINITE_RECURSION = YES;
				CLANG_WARN_INT_CONVERSION = YES;
				CLANG_WARN_NON_LITERAL_NULL_CONVERSION = YES;
				CLANG_WARN_OBJC_IMPLICIT_RETAIN_SELF = YES;
				CLANG_WARN_OBJC_LITERAL_CONVERSION = YES;
				CLANG_WARN_OBJC_ROOT_CLASS = YES_ERROR;
				CLANG_WARN_QUOTED_INCLUDE_IN_FRAMEWORK_HEADER = YES;
				CLANG_WARN_RANGE_LOOP_ANALYSIS = YES;
				CLANG_WARN_STRICT_PROTOTYPES = YES;
				CLANG_WARN_SUSPICIOUS_MOVE = YES;
				CLANG_WARN_UNGUARDED_AVAILABILITY = YES_AGGRESSIVE;
				CLANG_WARN_UNREACHABLE_CODE = YES;
				CLANG_WARN__DUPLICATE_METHOD_MATCH = YES;
				COPY_PHASE_STRIP = NO;
				DEBUG_INFORMATION_FORMAT = dwarf;
				ENABLE_STRICT_OBJC_MSGSEND = YES;
				ENABLE_TESTABILITY = YES;
				GCC_C_LANGUAGE_STANDARD = gnu11;
				GCC_DYNAMIC_NO_PIC = NO;
				GCC_NO_COMMON_BLOCKS = YES;
				GCC_OPTIMIZATION_LEVEL = 0;
				GCC_PREPROCESSOR_DEFINITIONS = (
					"DEBUG=1",
					"$(inherited)",
				);
				GCC_WARN_64_TO_32_BIT_CONVERSION = YES;
				GCC_WARN_ABOUT_RETURN_TYPE = YES_ERROR;
				GCC_WARN_UNDECLARED_SELECTOR = YES;
				GCC_WARN_UNINITIALIZED_AUTOS = YES_AGGRESSIVE;
				GCC_WARN_UNUSED_FUNCTION = YES;
				GCC_WARN_UNUSED_VARIABLE = YES;
				IPHONEOS_DEPLOYMENT_TARGET = 14.5;
				MTL_ENABLE_DEBUG_INFO = INCLUDE_SOURCE;
				MTL_FAST_MATH = YES;
				ONLY_ACTIVE_ARCH = YES;
				SDKROOT = iphoneos;
				SWIFT_ACTIVE_COMPILATION_CONDITIONS = DEBUG;
				SWIFT_OPTIMIZATION_LEVEL = "-Onone";
			};
			name = Debug;
		};
		EF1D68A326B2D62B00D1E467 /* Release */ = {
			isa = XCBuildConfiguration;
			buildSettings = {
				ALWAYS_SEARCH_USER_PATHS = NO;
				CLANG_ANALYZER_NONNULL = YES;
				CLANG_ANALYZER_NUMBER_OBJECT_CONVERSION = YES_AGGRESSIVE;
				CLANG_CXX_LANGUAGE_STANDARD = "gnu++14";
				CLANG_CXX_LIBRARY = "libc++";
				CLANG_ENABLE_MODULES = YES;
				CLANG_ENABLE_OBJC_ARC = YES;
				CLANG_ENABLE_OBJC_WEAK = YES;
				CLANG_WARN_BLOCK_CAPTURE_AUTORELEASING = YES;
				CLANG_WARN_BOOL_CONVERSION = YES;
				CLANG_WARN_COMMA = YES;
				CLANG_WARN_CONSTANT_CONVERSION = YES;
				CLANG_WARN_DEPRECATED_OBJC_IMPLEMENTATIONS = YES;
				CLANG_WARN_DIRECT_OBJC_ISA_USAGE = YES_ERROR;
				CLANG_WARN_DOCUMENTATION_COMMENTS = YES;
				CLANG_WARN_EMPTY_BODY = YES;
				CLANG_WARN_ENUM_CONVERSION = YES;
				CLANG_WARN_INFINITE_RECURSION = YES;
				CLANG_WARN_INT_CONVERSION = YES;
				CLANG_WARN_NON_LITERAL_NULL_CONVERSION = YES;
				CLANG_WARN_OBJC_IMPLICIT_RETAIN_SELF = YES;
				CLANG_WARN_OBJC_LITERAL_CONVERSION = YES;
				CLANG_WARN_OBJC_ROOT_CLASS = YES_ERROR;
				CLANG_WARN_QUOTED_INCLUDE_IN_FRAMEWORK_HEADER = YES;
				CLANG_WARN_RANGE_LOOP_ANALYSIS = YES;
				CLANG_WARN_STRICT_PROTOTYPES = YES;
				CLANG_WARN_SUSPICIOUS_MOVE = YES;
				CLANG_WARN_UNGUARDED_AVAILABILITY = YES_AGGRESSIVE;
				CLANG_WARN_UNREACHABLE_CODE = YES;
				CLANG_WARN__DUPLICATE_METHOD_MATCH = YES;
				COPY_PHASE_STRIP = NO;
				DEBUG_INFORMATION_FORMAT = "dwarf-with-dsym";
				ENABLE_NS_ASSERTIONS = NO;
				ENABLE_STRICT_OBJC_MSGSEND = YES;
				GCC_C_LANGUAGE_STANDARD = gnu11;
				GCC_NO_COMMON_BLOCKS = YES;
				GCC_WARN_64_TO_32_BIT_CONVERSION = YES;
				GCC_WARN_ABOUT_RETURN_TYPE = YES_ERROR;
				GCC_WARN_UNDECLARED_SELECTOR = YES;
				GCC_WARN_UNINITIALIZED_AUTOS = YES_AGGRESSIVE;
				GCC_WARN_UNUSED_FUNCTION = YES;
				GCC_WARN_UNUSED_VARIABLE = YES;
				IPHONEOS_DEPLOYMENT_TARGET = 14.5;
				MTL_ENABLE_DEBUG_INFO = NO;
				MTL_FAST_MATH = YES;
				SDKROOT = iphoneos;
				SWIFT_COMPILATION_MODE = wholemodule;
				SWIFT_OPTIMIZATION_LEVEL = "-O";
				VALIDATE_PRODUCT = YES;
			};
			name = Release;
		};
		EF1D68A526B2D62B00D1E467 /* Debug */ = {
			isa = XCBuildConfiguration;
			buildSettings = {
				ASSETCATALOG_COMPILER_APPICON_NAME = AppIcon;
				ASSETCATALOG_COMPILER_GLOBAL_ACCENT_COLOR_NAME = AccentColor;
				CODE_SIGN_STYLE = Automatic;
				DEVELOPMENT_TEAM = 2UZ6YPHV3D;
				INFOPLIST_FILE = ExampleSwift/Info.plist;
				LD_RUNPATH_SEARCH_PATHS = (
					"$(inherited)",
					"@executable_path/Frameworks",
				);
				PRODUCT_BUNDLE_IDENTIFIER = com.JhennyferOliveira.ExampleSwift;
				PRODUCT_NAME = "$(TARGET_NAME)";
				SWIFT_VERSION = 5.0;
				TARGETED_DEVICE_FAMILY = "1,2";
			};
			name = Debug;
		};
		EF1D68A626B2D62B00D1E467 /* Release */ = {
			isa = XCBuildConfiguration;
			buildSettings = {
				ASSETCATALOG_COMPILER_APPICON_NAME = AppIcon;
				ASSETCATALOG_COMPILER_GLOBAL_ACCENT_COLOR_NAME = AccentColor;
				CODE_SIGN_STYLE = Automatic;
				DEVELOPMENT_TEAM = 2UZ6YPHV3D;
				INFOPLIST_FILE = ExampleSwift/Info.plist;
				LD_RUNPATH_SEARCH_PATHS = (
					"$(inherited)",
					"@executable_path/Frameworks",
				);
				PRODUCT_BUNDLE_IDENTIFIER = com.JhennyferOliveira.ExampleSwift;
				PRODUCT_NAME = "$(TARGET_NAME)";
				SWIFT_VERSION = 5.0;
				TARGETED_DEVICE_FAMILY = "1,2";
			};
			name = Release;
		};
		EF1D68A826B2D62B00D1E467 /* Debug */ = {
			isa = XCBuildConfiguration;
			buildSettings = {
				ALWAYS_EMBED_SWIFT_STANDARD_LIBRARIES = YES;
				BUNDLE_LOADER = "$(TEST_HOST)";
				CODE_SIGN_STYLE = Automatic;
				DEVELOPMENT_TEAM = 2UZ6YPHV3D;
				INFOPLIST_FILE = ExampleSwiftTests/Info.plist;
				IPHONEOS_DEPLOYMENT_TARGET = 14.5;
				LD_RUNPATH_SEARCH_PATHS = (
					"$(inherited)",
					"@executable_path/Frameworks",
					"@loader_path/Frameworks",
				);
				PRODUCT_BUNDLE_IDENTIFIER = com.JhennyferOliveira.ExampleSwiftTests;
				PRODUCT_NAME = "$(TARGET_NAME)";
				SWIFT_VERSION = 5.0;
				TARGETED_DEVICE_FAMILY = "1,2";
				TEST_HOST = "$(BUILT_PRODUCTS_DIR)/ExampleSwift.app/ExampleSwift";
			};
			name = Debug;
		};
		EF1D68A926B2D62B00D1E467 /* Release */ = {
			isa = XCBuildConfiguration;
			buildSettings = {
				ALWAYS_EMBED_SWIFT_STANDARD_LIBRARIES = YES;
				BUNDLE_LOADER = "$(TEST_HOST)";
				CODE_SIGN_STYLE = Automatic;
				DEVELOPMENT_TEAM = 2UZ6YPHV3D;
				INFOPLIST_FILE = ExampleSwiftTests/Info.plist;
				IPHONEOS_DEPLOYMENT_TARGET = 14.5;
				LD_RUNPATH_SEARCH_PATHS = (
					"$(inherited)",
					"@executable_path/Frameworks",
					"@loader_path/Frameworks",
				);
				PRODUCT_BUNDLE_IDENTIFIER = com.JhennyferOliveira.ExampleSwiftTests;
				PRODUCT_NAME = "$(TARGET_NAME)";
				SWIFT_VERSION = 5.0;
				TARGETED_DEVICE_FAMILY = "1,2";
				TEST_HOST = "$(BUILT_PRODUCTS_DIR)/ExampleSwift.app/ExampleSwift";
			};
			name = Release;
		};
		EF1D68AB26B2D62B00D1E467 /* Debug */ = {
			isa = XCBuildConfiguration;
			buildSettings = {
				ALWAYS_EMBED_SWIFT_STANDARD_LIBRARIES = YES;
				CODE_SIGN_STYLE = Automatic;
				DEVELOPMENT_TEAM = 2UZ6YPHV3D;
				INFOPLIST_FILE = ExampleSwiftUITests/Info.plist;
				LD_RUNPATH_SEARCH_PATHS = (
					"$(inherited)",
					"@executable_path/Frameworks",
					"@loader_path/Frameworks",
				);
				PRODUCT_BUNDLE_IDENTIFIER = com.JhennyferOliveira.ExampleSwiftUITests;
				PRODUCT_NAME = "$(TARGET_NAME)";
				SWIFT_VERSION = 5.0;
				TARGETED_DEVICE_FAMILY = "1,2";
				TEST_TARGET_NAME = ExampleSwift;
			};
			name = Debug;
		};
		EF1D68AC26B2D62B00D1E467 /* Release */ = {
			isa = XCBuildConfiguration;
			buildSettings = {
				ALWAYS_EMBED_SWIFT_STANDARD_LIBRARIES = YES;
				CODE_SIGN_STYLE = Automatic;
				DEVELOPMENT_TEAM = 2UZ6YPHV3D;
				INFOPLIST_FILE = ExampleSwiftUITests/Info.plist;
				LD_RUNPATH_SEARCH_PATHS = (
					"$(inherited)",
					"@executable_path/Frameworks",
					"@loader_path/Frameworks",
				);
				PRODUCT_BUNDLE_IDENTIFIER = com.JhennyferOliveira.ExampleSwiftUITests;
				PRODUCT_NAME = "$(TARGET_NAME)";
				SWIFT_VERSION = 5.0;
				TARGETED_DEVICE_FAMILY = "1,2";
				TEST_TARGET_NAME = ExampleSwift;
			};
			name = Release;
		};
/* End XCBuildConfiguration section */

/* Begin XCConfigurationList section */
		EF1D687526B2D62800D1E467 /* Build configuration list for PBXProject "ExampleSwift" */ = {
			isa = XCConfigurationList;
			buildConfigurations = (
				EF1D68A226B2D62B00D1E467 /* Debug */,
				EF1D68A326B2D62B00D1E467 /* Release */,
			);
			defaultConfigurationIsVisible = 0;
			defaultConfigurationName = Release;
		};
		EF1D68A426B2D62B00D1E467 /* Build configuration list for PBXNativeTarget "ExampleSwift" */ = {
			isa = XCConfigurationList;
			buildConfigurations = (
				EF1D68A526B2D62B00D1E467 /* Debug */,
				EF1D68A626B2D62B00D1E467 /* Release */,
			);
			defaultConfigurationIsVisible = 0;
			defaultConfigurationName = Release;
		};
		EF1D68A726B2D62B00D1E467 /* Build configuration list for PBXNativeTarget "ExampleSwiftTests" */ = {
			isa = XCConfigurationList;
			buildConfigurations = (
				EF1D68A826B2D62B00D1E467 /* Debug */,
				EF1D68A926B2D62B00D1E467 /* Release */,
			);
			defaultConfigurationIsVisible = 0;
			defaultConfigurationName = Release;
		};
		EF1D68AA26B2D62B00D1E467 /* Build configuration list for PBXNativeTarget "ExampleSwiftUITests" */ = {
			isa = XCConfigurationList;
			buildConfigurations = (
				EF1D68AB26B2D62B00D1E467 /* Debug */,
				EF1D68AC26B2D62B00D1E467 /* Release */,
			);
			defaultConfigurationIsVisible = 0;
			defaultConfigurationName = Release;
		};
/* End XCConfigurationList section */

/* Begin XCRemoteSwiftPackageReference section */
		EF1D68AD26B2D9C100D1E467 /* XCRemoteSwiftPackageReference "ModalCustomization-SwiftPackageManager" */ = {
			isa = XCRemoteSwiftPackageReference;
			repositoryURL = "git@github.com:ModalCustomizationFramework/ModalCustomization-SwiftPackageManager.git";
			requirement = {
				branch = main;
				kind = branch;
			};
		};
/* End XCRemoteSwiftPackageReference section */

/* Begin XCSwiftPackageProductDependency section */
		EF1D68AE26B2D9C100D1E467 /* ModalCustomizationFramework */ = {
			isa = XCSwiftPackageProductDependency;
			package = EF1D68AD26B2D9C100D1E467 /* XCRemoteSwiftPackageReference "ModalCustomization-SwiftPackageManager" */;
			productName = ModalCustomizationFramework;
		};
/* End XCSwiftPackageProductDependency section */
	};
	rootObject = EF1D687226B2D62800D1E467 /* Project object */;
}
